
Microsoft Visual Studio Solution File, Format Version 12.00
# Visual Studio 15
Project("{FAE04EC0-301F-11D3-BF4B-00C04F79EFBC}") = "SteamVR", "SteamVR.csproj", "{429FB082-0713-488A-7AEF-8E3734C496F9}"
EndProject
Project("{FAE04EC0-301F-11D3-BF4B-00C04F79EFBC}") = "SteamVR_Actions", "SteamVR_Actions.csproj", "{1EAB7B3F-1BE7-E168-FB6F-E7C34B02E206}"
EndProject
Project("{FAE04EC0-301F-11D3-BF4B-00C04F79EFBC}") = "Assembly-CSharp", "Assembly-CSharp.csproj", "{54E34851-E233-DD45-D1BC-6AE3194E1FB6}"
EndProject
Project("{FAE04EC0-301F-11D3-BF4B-00C04F79EFBC}") = "TobiiXRDevTools", "TobiiXRDevTools.csproj", "{C66E69C5-ECA2-9EAC-8C30-4B926EB08ADE}"
EndProject
Project("{FAE04EC0-301F-11D3-BF4B-00C04F79EFBC}") = "TobiiXRSDK", "TobiiXRSDK.csproj", "{5EBAC2F3-00F3-A4FC-2036-F86D2F31B688}"
EndProject
Project("{FAE04EC0-301F-11D3-BF4B-00C04F79EFBC}") = "TobiiXRCore", "TobiiXRCore.csproj", "{C708C62C-CF66-BECC-26AB-1D0F5D8C7A71}"
EndProject
Project("{FAE04EC0-301F-11D3-BF4B-00C04F79EFBC}") = "TobiiXRG2OM", "TobiiXRG2OM.csproj", "{A1DA00E9-E765-7839-87D8-C19DF92B0B2F}"
EndProject
Project("{FAE04EC0-301F-11D3-BF4B-00C04F79EFBC}") = "SteamVR_Editor", "SteamVR_Editor.csproj", "{1DF3C27D-BFCD-6595-AB9F-900B78E0C68C}"
EndProject
Project("{FAE04EC0-301F-11D3-BF4B-00C04F79EFBC}") = "SteamVR_Input_Editor", "SteamVR_Input_Editor.csproj", "{6BC196A7-1A61-518D-C6F0-AE5188AF7513}"
EndProject
Project("{FAE04EC0-301F-11D3-BF4B-00C04F79EFBC}") = "SteamVR_Windows_EditorHelper", "SteamVR_Windows_EditorHelper.csproj", "{CD59FC72-7729-48F6-BCBB-27A9752E0346}"
EndProject
Project("{FAE04EC0-301F-11D3-BF4B-00C04F79EFBC}") = "TobiiXRInternalEditor", "TobiiXRInternalEditor.csproj", "{26B34236-C583-ADDA-AC34-E6DFB087D005}"
EndProject
Project("{FAE04EC0-301F-11D3-BF4B-00C04F79EFBC}") = "TobiiXREditor", "TobiiXREditor.csproj", "{A414815C-9EAE-FCA0-5150-68FCF193CFDE}"
EndProject
Project("{FAE04EC0-301F-11D3-BF4B-00C04F79EFBC}") = "GazeModifierEditor", "GazeModifierEditor.csproj", "{7BB72712-4B4C-793D-67B4-B2220D8BE39B}"
EndProject
Global
	GlobalSection(SolutionConfigurationPlatforms) = preSolution
		Debug|Any CPU = Debug|Any CPU
		Release|Any CPU = Release|Any CPU
	EndGlobalSection
	GlobalSection(ProjectConfigurationPlatforms) = postSolution
		{429FB082-0713-488A-7AEF-8E3734C496F9}.Debug|Any CPU.ActiveCfg = Debug|Any CPU
		{429FB082-0713-488A-7AEF-8E3734C496F9}.Debug|Any CPU.Build.0 = Debug|Any CPU
		{429FB082-0713-488A-7AEF-8E3734C496F9}.Release|Any CPU.ActiveCfg = Release|Any CPU
		{429FB082-0713-488A-7AEF-8E3734C496F9}.Release|Any CPU.Build.0 = Release|Any CPU
		{1EAB7B3F-1BE7-E168-FB6F-E7C34B02E206}.Debug|Any CPU.ActiveCfg = Debug|Any CPU
		{1EAB7B3F-1BE7-E168-FB6F-E7C34B02E206}.Debug|Any CPU.Build.0 = Debug|Any CPU
		{1EAB7B3F-1BE7-E168-FB6F-E7C34B02E206}.Release|Any CPU.ActiveCfg = Release|Any CPU
		{1EAB7B3F-1BE7-E168-FB6F-E7C34B02E206}.Release|Any CPU.Build.0 = Release|Any CPU
		{54E34851-E233-DD45-D1BC-6AE3194E1FB6}.Debug|Any CPU.ActiveCfg = Debug|Any CPU
		{54E34851-E233-DD45-D1BC-6AE3194E1FB6}.Debug|Any CPU.Build.0 = Debug|Any CPU
		{54E34851-E233-DD45-D1BC-6AE3194E1FB6}.Release|Any CPU.ActiveCfg = Release|Any CPU
		{54E34851-E233-DD45-D1BC-6AE3194E1FB6}.Release|Any CPU.Build.0 = Release|Any CPU
		{C66E69C5-ECA2-9EAC-8C30-4B926EB08ADE}.Debug|Any CPU.ActiveCfg = Debug|Any CPU
		{C66E69C5-ECA2-9EAC-8C30-4B926EB08ADE}.Debug|Any CPU.Build.0 = Debug|Any CPU
		{C66E69C5-ECA2-9EAC-8C30-4B926EB08ADE}.Release|Any CPU.ActiveCfg = Release|Any CPU
		{C66E69C5-ECA2-9EAC-8C30-4B926EB08ADE}.Release|Any CPU.Build.0 = Release|Any CPU
		{5EBAC2F3-00F3-A4FC-2036-F86D2F31B688}.Debug|Any CPU.ActiveCfg = Debug|Any CPU
		{5EBAC2F3-00F3-A4FC-2036-F86D2F31B688}.Debug|Any CPU.Build.0 = Debug|Any CPU
		{5EBAC2F3-00F3-A4FC-2036-F86D2F31B688}.Release|Any CPU.ActiveCfg = Release|Any CPU
		{5EBAC2F3-00F3-A4FC-2036-F86D2F31B688}.Release|Any CPU.Build.0 = Release|Any CPU
		{C708C62C-CF66-BECC-26AB-1D0F5D8C7A71}.Debug|Any CPU.ActiveCfg = Debug|Any CPU
		{C708C62C-CF66-BECC-26AB-1D0F5D8C7A71}.Debug|Any CPU.Build.0 = Debug|Any CPU
		{C708C62C-CF66-BECC-26AB-1D0F5D8C7A71}.Release|Any CPU.ActiveCfg = Release|Any CPU
		{C708C62C-CF66-BECC-26AB-1D0F5D8C7A71}.Release|Any CPU.Build.0 = Release|Any CPU
		{A1DA00E9-E765-7839-87D8-C19DF92B0B2F}.Debug|Any CPU.ActiveCfg = Debug|Any CPU
		{A1DA00E9-E765-7839-87D8-C19DF92B0B2F}.Debug|Any CPU.Build.0 = Debug|Any CPU
		{A1DA00E9-E765-7839-87D8-C19DF92B0B2F}.Release|Any CPU.ActiveCfg = Release|Any CPU
		{A1DA00E9-E765-7839-87D8-C19DF92B0B2F}.Release|Any CPU.Build.0 = Release|Any CPU
		{1DF3C27D-BFCD-6595-AB9F-900B78E0C68C}.Debug|Any CPU.ActiveCfg = Debug|Any CPU
		{1DF3C27D-BFCD-6595-AB9F-900B78E0C68C}.Debug|Any CPU.Build.0 = Debug|Any CPU
		{1DF3C27D-BFCD-6595-AB9F-900B78E0C68C}.Release|Any CPU.ActiveCfg = Release|Any CPU
		{1DF3C27D-BFCD-6595-AB9F-900B78E0C68C}.Release|Any CPU.Build.0 = Release|Any CPU
		{6BC196A7-1A61-518D-C6F0-AE5188AF7513}.Debug|Any CPU.ActiveCfg = Debug|Any CPU
		{6BC196A7-1A61-518D-C6F0-AE5188AF7513}.Debug|Any CPU.Build.0 = Debug|Any CPU
		{6BC196A7-1A61-518D-C6F0-AE5188AF7513}.Release|Any CPU.ActiveCfg = Release|Any CPU
		{6BC196A7-1A61-518D-C6F0-AE5188AF7513}.Release|Any CPU.Build.0 = Release|Any CPU
		{CD59FC72-7729-48F6-BCBB-27A9752E0346}.Debug|Any CPU.ActiveCfg = Debug|Any CPU
		{CD59FC72-7729-48F6-BCBB-27A9752E0346}.Debug|Any CPU.Build.0 = Debug|Any CPU
		{CD59FC72-7729-48F6-BCBB-27A9752E0346}.Release|Any CPU.ActiveCfg = Release|Any CPU
		{CD59FC72-7729-48F6-BCBB-27A9752E0346}.Release|Any CPU.Build.0 = Release|Any CPU
		{26B34236-C583-ADDA-AC34-E6DFB087D005}.Debug|Any CPU.ActiveCfg = Debug|Any CPU
		{26B34236-C583-ADDA-AC34-E6DFB087D005}.Debug|Any CPU.Build.0 = Debug|Any CPU
		{26B34236-C583-ADDA-AC34-E6DFB087D005}.Release|Any CPU.ActiveCfg = Release|Any CPU
		{26B34236-C583-ADDA-AC34-E6DFB087D005}.Release|Any CPU.Build.0 = Release|Any CPU
		{A414815C-9EAE-FCA0-5150-68FCF193CFDE}.Debug|Any CPU.ActiveCfg = Debug|Any CPU
		{A414815C-9EAE-FCA0-5150-68FCF193CFDE}.Debug|Any CPU.Build.0 = Debug|Any CPU
		{A414815C-9EAE-FCA0-5150-68FCF193CFDE}.Release|Any CPU.ActiveCfg = Release|Any CPU
		{A414815C-9EAE-FCA0-5150-68FCF193CFDE}.Release|Any CPU.Build.0 = Release|Any CPU
		{7BB72712-4B4C-793D-67B4-B2220D8BE39B}.Debug|Any CPU.ActiveCfg = Debug|Any CPU
		{7BB72712-4B4C-793D-67B4-B2220D8BE39B}.Debug|Any CPU.Build.0 = Debug|Any CPU
		{7BB72712-4B4C-793D-67B4-B2220D8BE39B}.Release|Any CPU.ActiveCfg = Release|Any CPU
		{7BB72712-4B4C-793D-67B4-B2220D8BE39B}.Release|Any CPU.Build.0 = Release|Any CPU
	EndGlobalSection
	GlobalSection(SolutionProperties) = preSolution
		HideSolutionNode = FALSE
	EndGlobalSection
EndGlobal
